Microsoft Visual Studio Solution File, Format Version 12.00
# Visual Studio Version 17
VisualStudioVersion = 17.5.2.0
MinimumVisualStudioVersion = 10.0.40219.1
Project("{FAE04EC0-301F-11D3-BF4B-00C04F79EFBC}") = "NFLFantasy.Api", "NFLFantasy.Api.csproj", "{53AE9600-3B83-F7EC-6441-B4BB07B7DCA6}"
EndProject
Global
	GlobalSection(SolutionConfigurationPlatforms) = preSolution
		Debug|Any CPU = Debug|Any CPU
		Release|Any CPU = Release|Any CPU
	EndGlobalSection
	GlobalSection(ProjectConfigurationPlatforms) = postSolution
		{53AE9600-3B83-F7EC-6441-B4BB07B7DCA6}.Debug|Any CPU.ActiveCfg = Debug|Any CPU
		{53AE9600-3B83-F7EC-6441-B4BB07B7DCA6}.Debug|Any CPU.Build.0 = Debug|Any CPU
		{53AE9600-3B83-F7EC-6441-B4BB07B7DCA6}.Release|Any CPU.ActiveCfg = Release|Any CPU
		{53AE9600-3B83-F7EC-6441-B4BB07B7DCA6}.Release|Any CPU.Build.0 = Release|Any CPU
	EndGlobalSection
	GlobalSection(SolutionProperties) = preSolution
		HideSolutionNode = FALSE
	EndGlobalSection
	GlobalSection(ExtensibilityGlobals) = postSolution
		SolutionGuid = {DF55DF49-5173-4155-BD7F-AC9B9C15EDB4}
	EndGlobalSection
EndGlobal
